
Microsoft Visual Studio Solution File, Format Version 12.00
# Visual Studio Version 17
VisualStudioVersion = 17.0.31903.59
MinimumVisualStudioVersion = 10.0.40219.1
Project("{FAE04EC0-301F-11D3-BF4B-00C04F79EFBC}") = "LevvaCoins.Domain", "LevvaCoins.Domain\LevvaCoins.Domain.csproj", "{FB989F6C-9AC5-476E-A19C-8E8758913A00}"
EndProject
Project("{FAE04EC0-301F-11D3-BF4B-00C04F79EFBC}") = "LevvaCoins.Infra.Data", "LevvaCoins.Infra.Data\LevvaCoins.Infra.Data.csproj", "{FDADF615-E97F-4770-884C-E033673BE56B}"
EndProject
Project("{FAE04EC0-301F-11D3-BF4B-00C04F79EFBC}") = "LevvaCoins.Infra.IoC", "LevvaCoins.Infra.IoC\LevvaCoins.Infra.IoC.csproj", "{4F5525BD-B79B-429D-86AB-5042F53EF79F}"
EndProject
Project("{FAE04EC0-301F-11D3-BF4B-00C04F79EFBC}") = "LevvaCoins.Application", "LevvaCoins.Application\LevvaCoins.Application.csproj", "{10FDC0C0-8732-43B8-B6E6-BC3D49223F8F}"
EndProject
Project("{FAE04EC0-301F-11D3-BF4B-00C04F79EFBC}") = "LevvaCoins.Api", "LevvaCoins.Api\LevvaCoins.Api.csproj", "{75A184CB-33C4-495A-85FB-CCDEE88CC9D9}"
EndProject
Global
	GlobalSection(SolutionConfigurationPlatforms) = preSolution
		Debug|Any CPU = Debug|Any CPU
		Release|Any CPU = Release|Any CPU
	EndGlobalSection
	GlobalSection(ProjectConfigurationPlatforms) = postSolution
		{FB989F6C-9AC5-476E-A19C-8E8758913A00}.Debug|Any CPU.ActiveCfg = Debug|Any CPU
		{FB989F6C-9AC5-476E-A19C-8E8758913A00}.Debug|Any CPU.Build.0 = Debug|Any CPU
		{FB989F6C-9AC5-476E-A19C-8E8758913A00}.Release|Any CPU.ActiveCfg = Release|Any CPU
		{FB989F6C-9AC5-476E-A19C-8E8758913A00}.Release|Any CPU.Build.0 = Release|Any CPU
		{FDADF615-E97F-4770-884C-E033673BE56B}.Debug|Any CPU.ActiveCfg = Debug|Any CPU
		{FDADF615-E97F-4770-884C-E033673BE56B}.Debug|Any CPU.Build.0 = Debug|Any CPU
		{FDADF615-E97F-4770-884C-E033673BE56B}.Release|Any CPU.ActiveCfg = Release|Any CPU
		{FDADF615-E97F-4770-884C-E033673BE56B}.Release|Any CPU.Build.0 = Release|Any CPU
		{4F5525BD-B79B-429D-86AB-5042F53EF79F}.Debug|Any CPU.ActiveCfg = Debug|Any CPU
		{4F5525BD-B79B-429D-86AB-5042F53EF79F}.Debug|Any CPU.Build.0 = Debug|Any CPU
		{4F5525BD-B79B-429D-86AB-5042F53EF79F}.Release|Any CPU.ActiveCfg = Release|Any CPU
		{4F5525BD-B79B-429D-86AB-5042F53EF79F}.Release|Any CPU.Build.0 = Release|Any CPU
		{10FDC0C0-8732-43B8-B6E6-BC3D49223F8F}.Debug|Any CPU.ActiveCfg = Debug|Any CPU
		{10FDC0C0-8732-43B8-B6E6-BC3D49223F8F}.Debug|Any CPU.Build.0 = Debug|Any CPU
		{10FDC0C0-8732-43B8-B6E6-BC3D49223F8F}.Release|Any CPU.ActiveCfg = Release|Any CPU
		{10FDC0C0-8732-43B8-B6E6-BC3D49223F8F}.Release|Any CPU.Build.0 = Release|Any CPU
		{75A184CB-33C4-495A-85FB-CCDEE88CC9D9}.Debug|Any CPU.ActiveCfg = Debug|Any CPU
		{75A184CB-33C4-495A-85FB-CCDEE88CC9D9}.Debug|Any CPU.Build.0 = Debug|Any CPU
		{75A184CB-33C4-495A-85FB-CCDEE88CC9D9}.Release|Any CPU.ActiveCfg = Release|Any CPU
		{75A184CB-33C4-495A-85FB-CCDEE88CC9D9}.Release|Any CPU.Build.0 = Release|Any CPU
	EndGlobalSection
	GlobalSection(SolutionProperties) = preSolution
		HideSolutionNode = FALSE
	EndGlobalSection
	GlobalSection(ExtensibilityGlobals) = postSolution
		SolutionGuid = {FF34374B-5355-43CE-9D6B-C1FFB2E5D5C1}
	EndGlobalSection
EndGlobal
